
Microsoft Visual Studio Solution File, Format Version 12.00
# Visual Studio Version 17
VisualStudioVersion = 17.7.34221.43
MinimumVisualStudioVersion = 10.0.40219.1
Project("{9A19103F-16F7-4668-BE54-9A1E7A4F7556}") = "Entidades", "Entidades\Entidades.csproj", "{A1EDCE2B-8130-496E-B55B-29B94749CFC8}"
EndProject
Project("{9A19103F-16F7-4668-BE54-9A1E7A4F7556}") = "Formularios", "Formularios\Formularios.csproj", "{F86D4E0F-8AF2-4690-B571-C5061FCDF054}"
EndProject
Project("{9A19103F-16F7-4668-BE54-9A1E7A4F7556}") = "Pruebas", "Pruebas\Pruebas.csproj", "{E1457AFF-F2CE-4B39-9812-5316BDB19A5D}"
EndProject
Project("{9A19103F-16F7-4668-BE54-9A1E7A4F7556}") = "UnitTests", "UnitTests\UnitTests.csproj", "{87403889-361D-4166-8D66-C83698C7A115}"
EndProject
Global
	GlobalSection(SolutionConfigurationPlatforms) = preSolution
		Debug|Any CPU = Debug|Any CPU
		Release|Any CPU = Release|Any CPU
	EndGlobalSection
	GlobalSection(ProjectConfigurationPlatforms) = postSolution
		{A1EDCE2B-8130-496E-B55B-29B94749CFC8}.Debug|Any CPU.ActiveCfg = Debug|Any CPU
		{A1EDCE2B-8130-496E-B55B-29B94749CFC8}.Debug|Any CPU.Build.0 = Debug|Any CPU
		{A1EDCE2B-8130-496E-B55B-29B94749CFC8}.Release|Any CPU.ActiveCfg = Release|Any CPU
		{A1EDCE2B-8130-496E-B55B-29B94749CFC8}.Release|Any CPU.Build.0 = Release|Any CPU
		{F86D4E0F-8AF2-4690-B571-C5061FCDF054}.Debug|Any CPU.ActiveCfg = Debug|Any CPU
		{F86D4E0F-8AF2-4690-B571-C5061FCDF054}.Debug|Any CPU.Build.0 = Debug|Any CPU
		{F86D4E0F-8AF2-4690-B571-C5061FCDF054}.Release|Any CPU.ActiveCfg = Release|Any CPU
		{F86D4E0F-8AF2-4690-B571-C5061FCDF054}.Release|Any CPU.Build.0 = Release|Any CPU
		{E1457AFF-F2CE-4B39-9812-5316BDB19A5D}.Debug|Any CPU.ActiveCfg = Debug|Any CPU
		{E1457AFF-F2CE-4B39-9812-5316BDB19A5D}.Debug|Any CPU.Build.0 = Debug|Any CPU
		{E1457AFF-F2CE-4B39-9812-5316BDB19A5D}.Release|Any CPU.ActiveCfg = Release|Any CPU
		{E1457AFF-F2CE-4B39-9812-5316BDB19A5D}.Release|Any CPU.Build.0 = Release|Any CPU
		{87403889-361D-4166-8D66-C83698C7A115}.Debug|Any CPU.ActiveCfg = Debug|Any CPU
		{87403889-361D-4166-8D66-C83698C7A115}.Debug|Any CPU.Build.0 = Debug|Any CPU
		{87403889-361D-4166-8D66-C83698C7A115}.Release|Any CPU.ActiveCfg = Release|Any CPU
		{87403889-361D-4166-8D66-C83698C7A115}.Release|Any CPU.Build.0 = Release|Any CPU
	EndGlobalSection
	GlobalSection(SolutionProperties) = preSolution
		HideSolutionNode = FALSE
	EndGlobalSection
	GlobalSection(ExtensibilityGlobals) = postSolution
		SolutionGuid = {C4AB49B5-F22C-4844-8CAA-25B3CE01D171}
	EndGlobalSection
EndGlobal
